
Microsoft Visual Studio Solution File, Format Version 12.00
# Visual Studio Version 17
VisualStudioVersion = 17.9.34728.123
MinimumVisualStudioVersion = 10.0.40219.1
Project("{FAE04EC0-301F-11D3-BF4B-00C04F79EFBC}") = "bcsys", "DXApplication1\bcsys.csproj", "{276E66E4-9EAD-4105-B1AC-4F1FB77EEFF2}"
EndProject
Global
	GlobalSection(SolutionConfigurationPlatforms) = preSolution
		Debug|Any CPU = Debug|Any CPU
		Release|Any CPU = Release|Any CPU
	EndGlobalSection
	GlobalSection(ProjectConfigurationPlatforms) = postSolution
		{276E66E4-9EAD-4105-B1AC-4F1FB77EEFF2}.Debug|Any CPU.ActiveCfg = Debug|Any CPU
		{276E66E4-9EAD-4105-B1AC-4F1FB77EEFF2}.Debug|Any CPU.Build.0 = Debug|Any CPU
		{276E66E4-9EAD-4105-B1AC-4F1FB77EEFF2}.Release|Any CPU.ActiveCfg = Release|Any CPU
		{276E66E4-9EAD-4105-B1AC-4F1FB77EEFF2}.Release|Any CPU.Build.0 = Release|Any CPU
	EndGlobalSection
	GlobalSection(SolutionProperties) = preSolution
		HideSolutionNode = FALSE
	EndGlobalSection
	GlobalSection(ExtensibilityGlobals) = postSolution
		SolutionGuid = {896C1E3E-B9A9-4279-A35C-F522D21632DB}
	EndGlobalSection
EndGlobal
